
Microsoft Visual Studio Solution File, Format Version 12.00
# Visual Studio Version 17
VisualStudioVersion = 17.10.35027.167
MinimumVisualStudioVersion = 10.0.40219.1
Project("{FAE04EC0-301F-11D3-BF4B-00C04F79EFBC}") = "Calculator", "Calculator\Calculator.csproj", "{1E0706C7-34B7-4154-8B62-FE961B37E322}"
EndProject
Global
	GlobalSection(SolutionConfigurationPlatforms) = preSolution
		Debug|Any CPU = Debug|Any CPU
		Release|Any CPU = Release|Any CPU
	EndGlobalSection
	GlobalSection(ProjectConfigurationPlatforms) = postSolution
		{1E0706C7-34B7-4154-8B62-FE961B37E322}.Debug|Any CPU.ActiveCfg = Debug|Any CPU
		{1E0706C7-34B7-4154-8B62-FE961B37E322}.Debug|Any CPU.Build.0 = Debug|Any CPU
		{1E0706C7-34B7-4154-8B62-FE961B37E322}.Release|Any CPU.ActiveCfg = Release|Any CPU
		{1E0706C7-34B7-4154-8B62-FE961B37E322}.Release|Any CPU.Build.0 = Release|Any CPU
	EndGlobalSection
	GlobalSection(SolutionProperties) = preSolution
		HideSolutionNode = FALSE
	EndGlobalSection
	GlobalSection(ExtensibilityGlobals) = postSolution
		SolutionGuid = {55E693D2-1364-4475-B5C2-3E9A08370D8F}
	EndGlobalSection
EndGlobal
